
Microsoft Visual Studio Solution File, Format Version 12.00
# Visual Studio 2013
Project("{FAE04EC0-301F-11D3-BF4B-00C04F79EFBC}") = "VR RC Racing.CSharp", "VR RC Racing.CSharp.csproj", "{96DE708F-A412-99AA-B771-27E241F16ABC}"
EndProject
Global
	GlobalSection(SolutionConfigurationPlatforms) = preSolution
		Debug|Any CPU = Debug|Any CPU
		Release|Any CPU = Release|Any CPU
	EndGlobalSection
	GlobalSection(ProjectConfigurationPlatforms) = postSolution
		{96DE708F-A412-99AA-B771-27E241F16ABC}.Debug|Any CPU.ActiveCfg = Debug|Any CPU
		{96DE708F-A412-99AA-B771-27E241F16ABC}.Debug|Any CPU.Build.0 = Debug|Any CPU
		{96DE708F-A412-99AA-B771-27E241F16ABC}.Release|Any CPU.ActiveCfg = Release|Any CPU
		{96DE708F-A412-99AA-B771-27E241F16ABC}.Release|Any CPU.Build.0 = Release|Any CPU
	EndGlobalSection
	GlobalSection(SolutionProperties) = preSolution
		HideSolutionNode = FALSE
	EndGlobalSection
EndGlobal
